// !$*UTF8*$!
{
	archiveVersion = 1;
	classes = {
	};
	objectVersion = 46;
	objects = {

/* Begin PBXBuildFile section */
		28210AEB0CDF548500FAD3CF /* Security.framework in Frameworks */ = {isa = PBXBuildFile; fileRef = 28210AEA0CDF548500FAD3CF /* Security.framework */; };
		284A5C9E11A59F9100EAC012 /* default.png in Resources */ = {isa = PBXBuildFile; fileRef = 284A5C9D11A59F9100EAC012 /* default.png */; };
		284A5CAE11A5A07500EAC012 /* DBApplication.m in Sources */ = {isa = PBXBuildFile; fileRef = 284A5CAD11A5A07500EAC012 /* DBApplication.m */; };
		286CC41C0CDCD61F00ACA824 /* BXBootImageView.m in Sources */ = {isa = PBXBuildFile; fileRef = 286CC41B0CDCD61F00ACA824 /* BXBootImageView.m */; };
		28D089B611A5DCBE001B092C /* InstallBootImage in CopyFiles */ = {isa = PBXBuildFile; fileRef = 28D089AC11A5DC3C001B092C /* InstallBootImage */; settings = {ATTRIBUTES = (CodeSignOnCopy, ); }; };
		28D08A2411A5E54D001B092C /* InstallBootImage.m in Sources */ = {isa = PBXBuildFile; fileRef = 285AC1F10CDF6C2C008AF706 /* InstallBootImage.m */; };
		8D11072D0486CEB800E47090 /* main.m in Sources */ = {isa = PBXBuildFile; fileRef = 29B97316FDCFA39411CA2CEA /* main.m */; settings = {ATTRIBUTES = (); }; };
		8D11072F0486CEB800E47090 /* Cocoa.framework in Frameworks */ = {isa = PBXBuildFile; fileRef = 1058C7A1FEA54F0111CA2CBB /* Cocoa.framework */; };
		FB1187121DE63A16008BBBF1 /* github.png in Resources */ = {isa = PBXBuildFile; fileRef = FB1187111DE63A16008BBBF1 /* github.png */; };
		FB1187161DE63A30008BBBF1 /* Credits.rtf in Resources */ = {isa = PBXBuildFile; fileRef = FB1187131DE63A30008BBBF1 /* Credits.rtf */; };
		FB1187171DE63A30008BBBF1 /* EULA.rtf in Resources */ = {isa = PBXBuildFile; fileRef = FB1187141DE63A30008BBBF1 /* EULA.rtf */; };
		FB1187181DE63A30008BBBF1 /* Changelog.rtf in Resources */ = {isa = PBXBuildFile; fileRef = FB1187151DE63A30008BBBF1 /* Changelog.rtf */; };
		FB1A29E41DD977920099DA03 /* PFMoveApplication.m in Sources */ = {isa = PBXBuildFile; fileRef = FB1A29E31DD977920099DA03 /* PFMoveApplication.m */; };
		FB5464E11CB9A8D900508447 /* com.dabrain13.darkboot.plist in Resources */ = {isa = PBXBuildFile; fileRef = FB5464E01CB9A8D900508447 /* com.dabrain13.darkboot.plist */; };
		FBC129BB1DEA2DE900B0D6D5 /* Sparkle.framework in Frameworks */ = {isa = PBXBuildFile; fileRef = FBC129BA1DEA2DE900B0D6D5 /* Sparkle.framework */; };
		FBC129BC1DEA2DEE00B0D6D5 /* Sparkle.framework in CopyFiles */ = {isa = PBXBuildFile; fileRef = FBC129BA1DEA2DE900B0D6D5 /* Sparkle.framework */; settings = {ATTRIBUTES = (CodeSignOnCopy, RemoveHeadersOnCopy, ); }; };
		FBC129BE1DEA2E4000B0D6D5 /* MainMenu.xib in Resources */ = {isa = PBXBuildFile; fileRef = FBC129BD1DEA2E4000B0D6D5 /* MainMenu.xib */; };
		FBC129C01DEA2E4F00B0D6D5 /* Dark Boot.icns in Resources */ = {isa = PBXBuildFile; fileRef = FBC129BF1DEA2E4F00B0D6D5 /* Dark Boot.icns */; };
		FBF3F2F71CCBC5CB00B1B8CA /* dsa_pub.pem in Resources */ = {isa = PBXBuildFile; fileRef = FBF3F2F61CCBC5CB00B1B8CA /* dsa_pub.pem */; };
/* End PBXBuildFile section */

/* Begin PBXContainerItemProxy section */
		28D089B411A5DCB9001B092C /* PBXContainerItemProxy */ = {
			isa = PBXContainerItemProxy;
			containerPortal = 29B97313FDCFA39411CA2CEA /* Project object */;
			proxyType = 1;
			remoteGlobalIDString = 28D089AB11A5DC3C001B092C;
			remoteInfo = InstallBootImage;
		};
/* End PBXContainerItemProxy section */

/* Begin PBXCopyFilesBuildPhase section */
		28D3C3A60CDE8A5F003F3018 /* CopyFiles */ = {
			isa = PBXCopyFilesBuildPhase;
			buildActionMask = 2147483647;
			dstPath = "";
			dstSubfolderSpec = 6;
			files = (
				28D089B611A5DCBE001B092C /* InstallBootImage in CopyFiles */,
			);
			runOnlyForDeploymentPostprocessing = 0;
		};
		28F7B4710D619077005E2AEA /* CopyFiles */ = {
			isa = PBXCopyFilesBuildPhase;
			buildActionMask = 2147483647;
			dstPath = "";
			dstSubfolderSpec = 10;
			files = (
				FBC129BC1DEA2DEE00B0D6D5 /* Sparkle.framework in CopyFiles */,
			);
			runOnlyForDeploymentPostprocessing = 0;
		};
/* End PBXCopyFilesBuildPhase section */

/* Begin PBXFileReference section */
		1058C7A1FEA54F0111CA2CBB /* Cocoa.framework */ = {isa = PBXFileReference; lastKnownFileType = wrapper.framework; name = Cocoa.framework; path = /System/Library/Frameworks/Cocoa.framework; sourceTree = "<absolute>"; };
		13E42FB307B3F0F600E4EEF1 /* CoreData.framework */ = {isa = PBXFileReference; lastKnownFileType = wrapper.framework; name = CoreData.framework; path = /System/Library/Frameworks/CoreData.framework; sourceTree = "<absolute>"; };
		28210AEA0CDF548500FAD3CF /* Security.framework */ = {isa = PBXFileReference; lastKnownFileType = wrapper.framework; name = Security.framework; path = /System/Library/Frameworks/Security.framework; sourceTree = "<absolute>"; };
		284A5C9D11A59F9100EAC012 /* default.png */ = {isa = PBXFileReference; lastKnownFileType = image.png; name = default.png; path = Resources/Images/default.png; sourceTree = SOURCE_ROOT; };
		284A5CAC11A5A07500EAC012 /* DBApplication.h */ = {isa = PBXFileReference; fileEncoding = 4; lastKnownFileType = sourcecode.c.h; name = DBApplication.h; path = Classes/DBApplication.h; sourceTree = SOURCE_ROOT; };
		284A5CAD11A5A07500EAC012 /* DBApplication.m */ = {isa = PBXFileReference; fileEncoding = 4; lastKnownFileType = sourcecode.c.objc; name = DBApplication.m; path = Classes/DBApplication.m; sourceTree = SOURCE_ROOT; };
		285AC1F10CDF6C2C008AF706 /* InstallBootImage.m */ = {isa = PBXFileReference; fileEncoding = 4; lastKnownFileType = sourcecode.c.objc; name = InstallBootImage.m; path = Classes/InstallBootImage.m; sourceTree = SOURCE_ROOT; };
		286CC41A0CDCD61F00ACA824 /* BXBootImageView.h */ = {isa = PBXFileReference; fileEncoding = 4; lastKnownFileType = sourcecode.c.h; name = BXBootImageView.h; path = Classes/BXBootImageView.h; sourceTree = SOURCE_ROOT; };
		286CC41B0CDCD61F00ACA824 /* BXBootImageView.m */ = {isa = PBXFileReference; fileEncoding = 4; lastKnownFileType = sourcecode.c.objc; name = BXBootImageView.m; path = Classes/BXBootImageView.m; sourceTree = SOURCE_ROOT; };
		28D089AC11A5DC3C001B092C /* InstallBootImage */ = {isa = PBXFileReference; explicitFileType = "compiled.mach-o.executable"; includeInIndex = 0; path = InstallBootImage; sourceTree = BUILT_PRODUCTS_DIR; };
		28F7B44C0D619039005E2AEA /* Sparkle.framework */ = {isa = PBXFileReference; lastKnownFileType = wrapper.framework; path = Sparkle.framework; sourceTree = "<group>"; };
		29B97316FDCFA39411CA2CEA /* main.m */ = {isa = PBXFileReference; fileEncoding = 4; lastKnownFileType = sourcecode.c.objc; name = main.m; path = Classes/main.m; sourceTree = SOURCE_ROOT; };
		29B97324FDCFA39411CA2CEA /* AppKit.framework */ = {isa = PBXFileReference; lastKnownFileType = wrapper.framework; name = AppKit.framework; path = /System/Library/Frameworks/AppKit.framework; sourceTree = "<absolute>"; };
		29B97325FDCFA39411CA2CEA /* Foundation.framework */ = {isa = PBXFileReference; lastKnownFileType = wrapper.framework; name = Foundation.framework; path = /System/Library/Frameworks/Foundation.framework; sourceTree = "<absolute>"; };
		8D1107310486CEB800E47090 /* Info.plist */ = {isa = PBXFileReference; fileEncoding = 4; lastKnownFileType = text.plist.xml; name = Info.plist; path = Resources/Info.plist; sourceTree = SOURCE_ROOT; };
		8D1107320486CEB800E47090 /* Dark Boot.app */ = {isa = PBXFileReference; explicitFileType = wrapper.application; includeInIndex = 0; path = "Dark Boot.app"; sourceTree = BUILT_PRODUCTS_DIR; };
		FB1187111DE63A16008BBBF1 /* github.png */ = {isa = PBXFileReference; lastKnownFileType = image.png; name = github.png; path = Resources/Images/github.png; sourceTree = SOURCE_ROOT; };
		FB1187131DE63A30008BBBF1 /* Credits.rtf */ = {isa = PBXFileReference; fileEncoding = 4; lastKnownFileType = text.rtf; name = Credits.rtf; path = Resources/Info/Credits.rtf; sourceTree = SOURCE_ROOT; };
		FB1187141DE63A30008BBBF1 /* EULA.rtf */ = {isa = PBXFileReference; fileEncoding = 4; lastKnownFileType = text.rtf; name = EULA.rtf; path = Resources/Info/EULA.rtf; sourceTree = SOURCE_ROOT; };
		FB1187151DE63A30008BBBF1 /* Changelog.rtf */ = {isa = PBXFileReference; fileEncoding = 4; lastKnownFileType = text.rtf; name = Changelog.rtf; path = Resources/Info/Changelog.rtf; sourceTree = SOURCE_ROOT; };
		FB1A29E21DD977920099DA03 /* PFMoveApplication.h */ = {isa = PBXFileReference; fileEncoding = 4; lastKnownFileType = sourcecode.c.h; name = PFMoveApplication.h; path = Classes/PFMove/PFMoveApplication.h; sourceTree = SOURCE_ROOT; };
		FB1A29E31DD977920099DA03 /* PFMoveApplication.m */ = {isa = PBXFileReference; fileEncoding = 4; lastKnownFileType = sourcecode.c.objc; name = PFMoveApplication.m; path = Classes/PFMove/PFMoveApplication.m; sourceTree = SOURCE_ROOT; };
		FB5464E01CB9A8D900508447 /* com.dabrain13.darkboot.plist */ = {isa = PBXFileReference; fileEncoding = 4; lastKnownFileType = text.plist.xml; name = com.dabrain13.darkboot.plist; path = Resources/com.dabrain13.darkboot.plist; sourceTree = SOURCE_ROOT; };
		FBC129BA1DEA2DE900B0D6D5 /* Sparkle.framework */ = {isa = PBXFileReference; lastKnownFileType = wrapper.framework; name = Sparkle.framework; path = Frameworks/Sparkle.framework; sourceTree = "<group>"; };
		FBC129BD1DEA2E4000B0D6D5 /* MainMenu.xib */ = {isa = PBXFileReference; fileEncoding = 4; lastKnownFileType = file.xib; name = MainMenu.xib; path = Resources/MainMenu.xib; sourceTree = "<group>"; };
		FBC129BF1DEA2E4F00B0D6D5 /* Dark Boot.icns */ = {isa = PBXFileReference; lastKnownFileType = image.icns; name = "Dark Boot.icns"; path = "Resources/Dark Boot.icns"; sourceTree = "<group>"; };
		FBF3F2F61CCBC5CB00B1B8CA /* dsa_pub.pem */ = {isa = PBXFileReference; fileEncoding = 4; lastKnownFileType = text; name = dsa_pub.pem; path = Resources/dsa_pub.pem; sourceTree = SOURCE_ROOT; };
/* End PBXFileReference section */

/* Begin PBXFrameworksBuildPhase section */
		28D089AA11A5DC3C001B092C /* Frameworks */ = {
			isa = PBXFrameworksBuildPhase;
			buildActionMask = 2147483647;
			files = (
			);
			runOnlyForDeploymentPostprocessing = 0;
		};
		8D11072E0486CEB800E47090 /* Frameworks */ = {
			isa = PBXFrameworksBuildPhase;
			buildActionMask = 2147483647;
			files = (
				8D11072F0486CEB800E47090 /* Cocoa.framework in Frameworks */,
				FBC129BB1DEA2DE900B0D6D5 /* Sparkle.framework in Frameworks */,
				28210AEB0CDF548500FAD3CF /* Security.framework in Frameworks */,
			);
			runOnlyForDeploymentPostprocessing = 0;
		};
/* End PBXFrameworksBuildPhase section */

/* Begin PBXGroup section */
		080E96DDFE201D6D7F000001 /* Classes */ = {
			isa = PBXGroup;
			children = (
				FB1A29E51DD977970099DA03 /* PFMove */,
				286CC41A0CDCD61F00ACA824 /* BXBootImageView.h */,
				286CC41B0CDCD61F00ACA824 /* BXBootImageView.m */,
				284A5CAC11A5A07500EAC012 /* DBApplication.h */,
				284A5CAD11A5A07500EAC012 /* DBApplication.m */,
			);
			name = Classes;
			sourceTree = "<group>";
		};
		1058C7A0FEA54F0111CA2CBB /* Linked Frameworks */ = {
			isa = PBXGroup;
			children = (
				28F7B44C0D619039005E2AEA /* Sparkle.framework */,
				28210AEA0CDF548500FAD3CF /* Security.framework */,
				1058C7A1FEA54F0111CA2CBB /* Cocoa.framework */,
			);
			name = "Linked Frameworks";
			sourceTree = "<group>";
		};
		1058C7A2FEA54F0111CA2CBB /* Other Frameworks */ = {
			isa = PBXGroup;
			children = (
				29B97324FDCFA39411CA2CEA /* AppKit.framework */,
				13E42FB307B3F0F600E4EEF1 /* CoreData.framework */,
				29B97325FDCFA39411CA2CEA /* Foundation.framework */,
			);
			name = "Other Frameworks";
			sourceTree = "<group>";
		};
		19C28FACFE9D520D11CA2CBB /* Products */ = {
			isa = PBXGroup;
			children = (
				8D1107320486CEB800E47090 /* Dark Boot.app */,
				28D089AC11A5DC3C001B092C /* InstallBootImage */,
			);
			name = Products;
			sourceTree = "<group>";
		};
		29B97314FDCFA39411CA2CEA /* BootXChanger */ = {
			isa = PBXGroup;
			children = (
				080E96DDFE201D6D7F000001 /* Classes */,
				29B97315FDCFA39411CA2CEA /* Other Sources */,
				29B97317FDCFA39411CA2CEA /* Resources */,
				29B97323FDCFA39411CA2CEA /* Frameworks */,
				19C28FACFE9D520D11CA2CBB /* Products */,
			);
			name = BootXChanger;
			sourceTree = "<group>";
		};
		29B97315FDCFA39411CA2CEA /* Other Sources */ = {
			isa = PBXGroup;
			children = (
				285AC1F10CDF6C2C008AF706 /* InstallBootImage.m */,
				29B97316FDCFA39411CA2CEA /* main.m */,
			);
			name = "Other Sources";
			sourceTree = "<group>";
		};
		29B97317FDCFA39411CA2CEA /* Resources */ = {
			isa = PBXGroup;
			children = (
				FBC129BD1DEA2E4000B0D6D5 /* MainMenu.xib */,
				8D1107310486CEB800E47090 /* Info.plist */,
				FB5464E01CB9A8D900508447 /* com.dabrain13.darkboot.plist */,
				FBF3F2F61CCBC5CB00B1B8CA /* dsa_pub.pem */,
				FB1187101DE639F5008BBBF1 /* info */,
				FB11870F1DE639E3008BBBF1 /* images */,
			);
			name = Resources;
			sourceTree = "<group>";
		};
		29B97323FDCFA39411CA2CEA /* Frameworks */ = {
			isa = PBXGroup;
			children = (
				FBC129BA1DEA2DE900B0D6D5 /* Sparkle.framework */,
				1058C7A0FEA54F0111CA2CBB /* Linked Frameworks */,
				1058C7A2FEA54F0111CA2CBB /* Other Frameworks */,
			);
			name = Frameworks;
			sourceTree = "<group>";
		};
		FB11870F1DE639E3008BBBF1 /* images */ = {
			isa = PBXGroup;
			children = (
				284A5C9D11A59F9100EAC012 /* default.png */,
				FB1187111DE63A16008BBBF1 /* github.png */,
				FBC129BF1DEA2E4F00B0D6D5 /* Dark Boot.icns */,
			);
			name = images;
			sourceTree = "<group>";
		};
		FB1187101DE639F5008BBBF1 /* info */ = {
			isa = PBXGroup;
			children = (
				FB1187131DE63A30008BBBF1 /* Credits.rtf */,
				FB1187141DE63A30008BBBF1 /* EULA.rtf */,
				FB1187151DE63A30008BBBF1 /* Changelog.rtf */,
			);
			name = info;
			sourceTree = "<group>";
		};
		FB1A29E51DD977970099DA03 /* PFMove */ = {
			isa = PBXGroup;
			children = (
				FB1A29E21DD977920099DA03 /* PFMoveApplication.h */,
				FB1A29E31DD977920099DA03 /* PFMoveApplication.m */,
			);
			name = PFMove;
			sourceTree = "<group>";
		};
/* End PBXGroup section */

/* Begin PBXNativeTarget section */
		28D089AB11A5DC3C001B092C /* InstallBootImage */ = {
			isa = PBXNativeTarget;
			buildConfigurationList = 28D089B211A5DC6D001B092C /* Build configuration list for PBXNativeTarget "InstallBootImage" */;
			buildPhases = (
				28D089A911A5DC3C001B092C /* Sources */,
				28D089AA11A5DC3C001B092C /* Frameworks */,
			);
			buildRules = (
			);
			dependencies = (
			);
			name = InstallBootImage;
			productName = InstallBootImage;
			productReference = 28D089AC11A5DC3C001B092C /* InstallBootImage */;
			productType = "com.apple.product-type.tool";
		};
		8D1107260486CEB800E47090 /* Dark Boot */ = {
			isa = PBXNativeTarget;
			buildConfigurationList = C01FCF4A08A954540054247B /* Build configuration list for PBXNativeTarget "Dark Boot" */;
			buildPhases = (
				8D1107290486CEB800E47090 /* Resources */,
				28D3C3A60CDE8A5F003F3018 /* CopyFiles */,
				28F7B4710D619077005E2AEA /* CopyFiles */,
				8D11072C0486CEB800E47090 /* Sources */,
				8D11072E0486CEB800E47090 /* Frameworks */,
			);
			buildRules = (
			);
			dependencies = (
				28D089B511A5DCB9001B092C /* PBXTargetDependency */,
			);
			name = "Dark Boot";
			productInstallPath = "$(HOME)/Applications";
			productName = BootXChanger;
			productReference = 8D1107320486CEB800E47090 /* Dark Boot.app */;
			productType = "com.apple.product-type.application";
		};
/* End PBXNativeTarget section */

/* Begin PBXProject section */
		29B97313FDCFA39411CA2CEA /* Project object */ = {
			isa = PBXProject;
			attributes = {
				LastUpgradeCheck = 0810;
				TargetAttributes = {
					28D089AB11A5DC3C001B092C = {
						DevelopmentTeam = EX596BNL45;
						ProvisioningStyle = Manual;
					};
					8D1107260486CEB800E47090 = {
						DevelopmentTeam = EX596BNL45;
						ProvisioningStyle = Manual;
					};
				};
			};
			buildConfigurationList = C01FCF4E08A954540054247B /* Build configuration list for PBXProject "Dark Boot" */;
			compatibilityVersion = "Xcode 3.2";
			developmentRegion = English;
			hasScannedForEncodings = 1;
			knownRegions = (
				English,
				Japanese,
				French,
				German,
				Spanish,
				Hungarian,
				Russian,
				Italian,
				zh_TW,
				Dutch,
				Swedish,
				"British English",
				zh_CN,
			);
			mainGroup = 29B97314FDCFA39411CA2CEA /* BootXChanger */;
			projectDirPath = "";
			projectRoot = "";
			targets = (
				8D1107260486CEB800E47090 /* Dark Boot */,
				28D089AB11A5DC3C001B092C /* InstallBootImage */,
			);
		};
/* End PBXProject section */

/* Begin PBXResourcesBuildPhase section */
		8D1107290486CEB800E47090 /* Resources */ = {
			isa = PBXResourcesBuildPhase;
			buildActionMask = 2147483647;
			files = (
				FB1187121DE63A16008BBBF1 /* github.png in Resources */,
				FB1187171DE63A30008BBBF1 /* EULA.rtf in Resources */,
				FBF3F2F71CCBC5CB00B1B8CA /* dsa_pub.pem in Resources */,
				FB5464E11CB9A8D900508447 /* com.dabrain13.darkboot.plist in Resources */,
				284A5C9E11A59F9100EAC012 /* default.png in Resources */,
				FB1187181DE63A30008BBBF1 /* Changelog.rtf in Resources */,
				FBC129C01DEA2E4F00B0D6D5 /* Dark Boot.icns in Resources */,
				FB1187161DE63A30008BBBF1 /* Credits.rtf in Resources */,
				FBC129BE1DEA2E4000B0D6D5 /* MainMenu.xib in Resources */,
			);
			runOnlyForDeploymentPostprocessing = 0;
		};
/* End PBXResourcesBuildPhase section */

/* Begin PBXSourcesBuildPhase section */
		28D089A911A5DC3C001B092C /* Sources */ = {
			isa = PBXSourcesBuildPhase;
			buildActionMask = 2147483647;
			files = (
				28D08A2411A5E54D001B092C /* InstallBootImage.m in Sources */,
			);
			runOnlyForDeploymentPostprocessing = 0;
		};
		8D11072C0486CEB800E47090 /* Sources */ = {
			isa = PBXSourcesBuildPhase;
			buildActionMask = 2147483647;
			files = (
				8D11072D0486CEB800E47090 /* main.m in Sources */,
				286CC41C0CDCD61F00ACA824 /* BXBootImageView.m in Sources */,
				284A5CAE11A5A07500EAC012 /* DBApplication.m in Sources */,
				FB1A29E41DD977920099DA03 /* PFMoveApplication.m in Sources */,
			);
			runOnlyForDeploymentPostprocessing = 0;
		};
/* End PBXSourcesBuildPhase section */

/* Begin PBXTargetDependency section */
		28D089B511A5DCB9001B092C /* PBXTargetDependency */ = {
			isa = PBXTargetDependency;
			target = 28D089AB11A5DC3C001B092C /* InstallBootImage */;
			targetProxy = 28D089B411A5DCB9001B092C /* PBXContainerItemProxy */;
		};
/* End PBXTargetDependency section */

/* Begin XCBuildConfiguration section */
		28D089AE11A5DC3D001B092C /* Debug */ = {
			isa = XCBuildConfiguration;
			buildSettings = {
				ALWAYS_SEARCH_USER_PATHS = NO;
				CODE_SIGN_IDENTITY = "Developer ID Application";
				COPY_PHASE_STRIP = NO;
				DEVELOPMENT_TEAM = EX596BNL45;
				GCC_DYNAMIC_NO_PIC = NO;
				GCC_ENABLE_FIX_AND_CONTINUE = YES;
				GCC_MODEL_TUNING = G5;
				GCC_OPTIMIZATION_LEVEL = 0;
				GCC_PRECOMPILE_PREFIX_HEADER = YES;
				GCC_PREFIX_HEADER = "$(SYSTEM_LIBRARY_DIR)/Frameworks/AppKit.framework/Headers/AppKit.h";
				GCC_VERSION = "";
				INSTALL_PATH = /usr/local/bin;
				OTHER_LDFLAGS = (
					"-framework",
					Foundation,
					"-framework",
					AppKit,
				);
				PREBINDING = NO;
				PRODUCT_NAME = InstallBootImage;
				SDKROOT = macosx;
			};
			name = Debug;
		};
		28D089AF11A5DC3D001B092C /* Release */ = {
			isa = XCBuildConfiguration;
			buildSettings = {
				ALWAYS_SEARCH_USER_PATHS = NO;
				CODE_SIGN_IDENTITY = "Developer ID Application";
				COPY_PHASE_STRIP = YES;
				DEBUG_INFORMATION_FORMAT = "dwarf-with-dsym";
				DEVELOPMENT_TEAM = EX596BNL45;
				GCC_ENABLE_FIX_AND_CONTINUE = NO;
				GCC_MODEL_TUNING = G5;
				GCC_PRECOMPILE_PREFIX_HEADER = YES;
				GCC_PREFIX_HEADER = "$(SYSTEM_LIBRARY_DIR)/Frameworks/AppKit.framework/Headers/AppKit.h";
				GCC_VERSION = "";
				INSTALL_PATH = /usr/local/bin;
				OTHER_LDFLAGS = (
					"-framework",
					Foundation,
					"-framework",
					AppKit,
				);
				PREBINDING = NO;
				PRODUCT_NAME = InstallBootImage;
				SDKROOT = macosx;
				ZERO_LINK = NO;
			};
			name = Release;
		};
		C01FCF4B08A954540054247B /* Debug */ = {
			isa = XCBuildConfiguration;
			buildSettings = {
				CLANG_ENABLE_MODULES = YES;
				CLANG_ENABLE_OBJC_ARC = YES;
				CODE_SIGN_IDENTITY = "Developer ID Application";
				COPY_PHASE_STRIP = NO;
				DEVELOPMENT_TEAM = EX596BNL45;
				FRAMEWORK_SEARCH_PATHS = (
					"$(inherited)",
					"$(FRAMEWORK_SEARCH_PATHS_QUOTED_1)",
					"$(PROJECT_DIR)/Frameworks",
				);
				FRAMEWORK_SEARCH_PATHS_QUOTED_1 = "\"$(SRCROOT)\"";
				GCC_DYNAMIC_NO_PIC = NO;
				GCC_ENABLE_FIX_AND_CONTINUE = YES;
				GCC_MODEL_TUNING = G5;
				GCC_OPTIMIZATION_LEVEL = 0;
				GCC_PRECOMPILE_PREFIX_HEADER = NO;
				GCC_PREFIX_HEADER = "";
				GCC_VERSION = "";
				INFOPLIST_FILE = Resources/Info.plist;
				INSTALL_PATH = "$(HOME)/Applications";
				LD_RUNPATH_SEARCH_PATHS = "@executable_path/../Frameworks";
				MACOSX_DEPLOYMENT_TARGET = 10.9;
				PRODUCT_BUNDLE_IDENTIFIER = org.w0lf.DarkBoot;
				PRODUCT_NAME = "Dark Boot";
				SDKROOT = macosx;
				WRAPPER_EXTENSION = app;
				ZERO_LINK = YES;
			};
			name = Debug;
		};
		C01FCF4C08A954540054247B /* Release */ = {
			isa = XCBuildConfiguration;
			buildSettings = {
				CLANG_ENABLE_MODULES = YES;
				CLANG_ENABLE_OBJC_ARC = YES;
				CODE_SIGN_IDENTITY = "Developer ID Application";
				DEBUG_INFORMATION_FORMAT = "dwarf-with-dsym";
				DEVELOPMENT_TEAM = EX596BNL45;
				FRAMEWORK_SEARCH_PATHS = (
					"$(inherited)",
					"$(FRAMEWORK_SEARCH_PATHS_QUOTED_FOR_TARGET_1)",
					"$(PROJECT_DIR)/Frameworks",
				);
				FRAMEWORK_SEARCH_PATHS_QUOTED_FOR_TARGET_1 = "\"$(SRCROOT)\"";
				GCC_CHAR_IS_UNSIGNED_CHAR = YES;
				GCC_MODEL_TUNING = G5;
				GCC_OPTIMIZATION_LEVEL = 0;
				GCC_PRECOMPILE_PREFIX_HEADER = NO;
				GCC_PREFIX_HEADER = "";
				GCC_VERSION = "";
				INFOPLIST_FILE = Resources/Info.plist;
				INSTALL_PATH = "$(HOME)/Applications";
				LD_RUNPATH_SEARCH_PATHS = "@executable_path/../Frameworks";
				MACOSX_DEPLOYMENT_TARGET = 10.9;
				PRODUCT_BUNDLE_IDENTIFIER = org.w0lf.DarkBoot;
				PRODUCT_NAME = "Dark Boot";
				SDKROOT = macosx;
				WRAPPER_EXTENSION = app;
			};
			name = Release;
		};
		C01FCF4F08A954540054247B /* Debug */ = {
			isa = XCBuildConfiguration;
			buildSettings = {
				CLANG_ANALYZER_LOCALIZABILITY_NONLOCALIZED = YES;
				ENABLE_TESTABILITY = YES;
				GCC_VERSION = 4.0;
				GCC_WARN_ABOUT_RETURN_TYPE = YES;
				GCC_WARN_UNUSED_VARIABLE = YES;
				ONLY_ACTIVE_ARCH = YES;
				PREBINDING = NO;
				SDKROOT = "$(DEVELOPER_SDK_DIR)/MacOSX10.4u.sdk";
			};
			name = Debug;
		};
		C01FCF5008A954540054247B /* Release */ = {
			isa = XCBuildConfiguration;
			buildSettings = {
				CLANG_ANALYZER_LOCALIZABILITY_NONLOCALIZED = YES;
				GCC_ENABLE_OBJC_GC = unsupported;
				GCC_VERSION = 4.0;
				GCC_WARN_ABOUT_RETURN_TYPE = YES;
				GCC_WARN_UNUSED_VARIABLE = YES;
				PREBINDING = NO;
				SDKROOT = "$(DEVELOPER_SDK_DIR)/MacOSX10.4u.sdk";
				VALID_ARCHS = "i386 x86_64";
			};
			name = Release;
		};
/* End XCBuildConfiguration section */

/* Begin XCConfigurationList section */
		28D089B211A5DC6D001B092C /* Build configuration list for PBXNativeTarget "InstallBootImage" */ = {
			isa = XCConfigurationList;
			buildConfigurations = (
				28D089AE11A5DC3D001B092C /* Debug */,
				28D089AF11A5DC3D001B092C /* Release */,
			);
			defaultConfigurationIsVisible = 0;
			defaultConfigurationName = Release;
		};
		C01FCF4A08A954540054247B /* Build configuration list for PBXNativeTarget "Dark Boot" */ = {
			isa = XCConfigurationList;
			buildConfigurations = (
				C01FCF4B08A954540054247B /* Debug */,
				C01FCF4C08A954540054247B /* Release */,
			);
			defaultConfigurationIsVisible = 0;
			defaultConfigurationName = Release;
		};
		C01FCF4E08A954540054247B /* Build configuration list for PBXProject "Dark Boot" */ = {
			isa = XCConfigurationList;
			buildConfigurations = (
				C01FCF4F08A954540054247B /* Debug */,
				C01FCF5008A954540054247B /* Release */,
			);
			defaultConfigurationIsVisible = 0;
			defaultConfigurationName = Release;
		};
/* End XCConfigurationList section */
	};
	rootObject = 29B97313FDCFA39411CA2CEA /* Project object */;
}
