// !$*UTF8*$!
{
	archiveVersion = 1;
	classes = {
	};
	objectVersion = 42;
	objects = {

/* Begin PBXBuildFile section */
		281A7D0D0D0C4FE700DD6E10 /* Credits.rtf in Resources */ = {isa = PBXBuildFile; fileRef = 281A7D0B0D0C4FE700DD6E10 /* Credits.rtf */; };
		28210AEB0CDF548500FAD3CF /* Security.framework in Frameworks */ = {isa = PBXBuildFile; fileRef = 28210AEA0CDF548500FAD3CF /* Security.framework */; };
		284A5C9E11A59F9100EAC012 /* default.png in Resources */ = {isa = PBXBuildFile; fileRef = 284A5C9D11A59F9100EAC012 /* default.png */; };
		284A5CAE11A5A07500EAC012 /* BXApplication.m in Sources */ = {isa = PBXBuildFile; fileRef = 284A5CAD11A5A07500EAC012 /* BXApplication.m */; };
		286CC41C0CDCD61F00ACA824 /* BXBootImageView.m in Sources */ = {isa = PBXBuildFile; fileRef = 286CC41B0CDCD61F00ACA824 /* BXBootImageView.m */; };
		28D089B611A5DCBE001B092C /* InstallBootImage in CopyFiles */ = {isa = PBXBuildFile; fileRef = 28D089AC11A5DC3C001B092C /* InstallBootImage */; };
		28D08A2411A5E54D001B092C /* InstallBootImage.m in Sources */ = {isa = PBXBuildFile; fileRef = 285AC1F10CDF6C2C008AF706 /* InstallBootImage.m */; };
		28D3C0F60CDE1C3A003F3018 /* Localizable.strings in Resources */ = {isa = PBXBuildFile; fileRef = 28D3C0F50CDE1C3A003F3018 /* Localizable.strings */; };
		28F7B44D0D619039005E2AEA /* Sparkle.framework in Frameworks */ = {isa = PBXBuildFile; fileRef = 28F7B44C0D619039005E2AEA /* Sparkle.framework */; };
		28F7B46C0D61906A005E2AEA /* Sparkle.framework in CopyFiles */ = {isa = PBXBuildFile; fileRef = 28F7B44C0D619039005E2AEA /* Sparkle.framework */; };
		8D11072A0486CEB800E47090 /* MainMenu.nib in Resources */ = {isa = PBXBuildFile; fileRef = 29B97318FDCFA39411CA2CEA /* MainMenu.nib */; };
		8D11072B0486CEB800E47090 /* InfoPlist.strings in Resources */ = {isa = PBXBuildFile; fileRef = 089C165CFE840E0CC02AAC07 /* InfoPlist.strings */; };
		8D11072D0486CEB800E47090 /* main.m in Sources */ = {isa = PBXBuildFile; fileRef = 29B97316FDCFA39411CA2CEA /* main.m */; settings = {ATTRIBUTES = (); }; };
		8D11072F0486CEB800E47090 /* Cocoa.framework in Frameworks */ = {isa = PBXBuildFile; fileRef = 1058C7A1FEA54F0111CA2CBB /* Cocoa.framework */; };
		FB5464E11CB9A8D900508447 /* com.dabrain13.darkboot.plist in Resources */ = {isa = PBXBuildFile; fileRef = FB5464E01CB9A8D900508447 /* com.dabrain13.darkboot.plist */; };
		FBBE84A91CC30FB0001C0E8F /* Dark Boot.icns in Resources */ = {isa = PBXBuildFile; fileRef = FBBE84A81CC30FB0001C0E8F /* Dark Boot.icns */; };
		FBBE84AB1CC31AF7001C0E8F /* updates in Resources */ = {isa = PBXBuildFile; fileRef = FBBE84AA1CC31AF7001C0E8F /* updates */; };
		FBF3F2F71CCBC5CB00B1B8CA /* dsa_pub.pem in Resources */ = {isa = PBXBuildFile; fileRef = FBF3F2F61CCBC5CB00B1B8CA /* dsa_pub.pem */; };
/* End PBXBuildFile section */

/* Begin PBXContainerItemProxy section */
		28D089B411A5DCB9001B092C /* PBXContainerItemProxy */ = {
			isa = PBXContainerItemProxy;
			containerPortal = 29B97313FDCFA39411CA2CEA /* Project object */;
			proxyType = 1;
			remoteGlobalIDString = 28D089AB11A5DC3C001B092C;
			remoteInfo = InstallBootImage;
		};
/* End PBXContainerItemProxy section */

/* Begin PBXCopyFilesBuildPhase section */
		28D3C3A60CDE8A5F003F3018 /* CopyFiles */ = {
			isa = PBXCopyFilesBuildPhase;
			buildActionMask = 2147483647;
			dstPath = "";
			dstSubfolderSpec = 6;
			files = (
				28D089B611A5DCBE001B092C /* InstallBootImage in CopyFiles */,
			);
			runOnlyForDeploymentPostprocessing = 0;
		};
		28F7B4710D619077005E2AEA /* CopyFiles */ = {
			isa = PBXCopyFilesBuildPhase;
			buildActionMask = 2147483647;
			dstPath = "";
			dstSubfolderSpec = 10;
			files = (
				28F7B46C0D61906A005E2AEA /* Sparkle.framework in CopyFiles */,
			);
			runOnlyForDeploymentPostprocessing = 0;
		};
/* End PBXCopyFilesBuildPhase section */

/* Begin PBXFileReference section */
		089C165DFE840E0CC02AAC07 /* English */ = {isa = PBXFileReference; fileEncoding = 10; lastKnownFileType = text.plist.strings; name = English; path = English.lproj/InfoPlist.strings; sourceTree = "<group>"; };
		1058C7A1FEA54F0111CA2CBB /* Cocoa.framework */ = {isa = PBXFileReference; lastKnownFileType = wrapper.framework; name = Cocoa.framework; path = /System/Library/Frameworks/Cocoa.framework; sourceTree = "<absolute>"; };
		13E42FB307B3F0F600E4EEF1 /* CoreData.framework */ = {isa = PBXFileReference; lastKnownFileType = wrapper.framework; name = CoreData.framework; path = /System/Library/Frameworks/CoreData.framework; sourceTree = "<absolute>"; };
		280801B6102C367B0077D2A6 /* Swedish */ = {isa = PBXFileReference; lastKnownFileType = wrapper.nib; name = Swedish; path = Swedish.lproj/MainMenu.nib; sourceTree = "<group>"; };
		280801B7102C36860077D2A6 /* Swedish */ = {isa = PBXFileReference; lastKnownFileType = text.plist.strings; name = Swedish; path = Swedish.lproj/InfoPlist.strings; sourceTree = "<group>"; };
		280801B8102C368C0077D2A6 /* Swedish */ = {isa = PBXFileReference; lastKnownFileType = text.plist.strings; name = Swedish; path = Swedish.lproj/Localizable.strings; sourceTree = "<group>"; };
		280801B9102C36910077D2A6 /* Swedish */ = {isa = PBXFileReference; lastKnownFileType = text.rtf; name = Swedish; path = Swedish.lproj/Credits.rtf; sourceTree = "<group>"; };
		280801CA102C3D6C0077D2A6 /* Dutch */ = {isa = PBXFileReference; lastKnownFileType = text.rtf; name = Dutch; path = Dutch.lproj/Credits.rtf; sourceTree = "<group>"; };
		280801CB102C3D700077D2A6 /* Dutch */ = {isa = PBXFileReference; lastKnownFileType = text.plist.strings; name = Dutch; path = Dutch.lproj/Localizable.strings; sourceTree = "<group>"; };
		280801CC102C3D750077D2A6 /* Dutch */ = {isa = PBXFileReference; lastKnownFileType = text.plist.strings; name = Dutch; path = Dutch.lproj/InfoPlist.strings; sourceTree = "<group>"; };
		280801CD102C3D790077D2A6 /* Dutch */ = {isa = PBXFileReference; lastKnownFileType = wrapper.nib; name = Dutch; path = Dutch.lproj/MainMenu.nib; sourceTree = "<group>"; };
		281A7D070D0C4F4200DD6E10 /* Spanish */ = {isa = PBXFileReference; lastKnownFileType = text.plist.strings; name = Spanish; path = Spanish.lproj/InfoPlist.strings; sourceTree = "<group>"; };
		281A7D090D0C4F4C00DD6E10 /* Spanish */ = {isa = PBXFileReference; lastKnownFileType = text.plist.strings; name = Spanish; path = Spanish.lproj/Localizable.strings; sourceTree = "<group>"; };
		281A7D0C0D0C4FE700DD6E10 /* English */ = {isa = PBXFileReference; lastKnownFileType = text.rtf; name = English; path = English.lproj/Credits.rtf; sourceTree = "<group>"; };
		281A7D100D0C519300DD6E10 /* Spanish */ = {isa = PBXFileReference; lastKnownFileType = text.rtf; name = Spanish; path = Spanish.lproj/Credits.rtf; sourceTree = "<group>"; };
		28210AEA0CDF548500FAD3CF /* Security.framework */ = {isa = PBXFileReference; lastKnownFileType = wrapper.framework; name = Security.framework; path = /System/Library/Frameworks/Security.framework; sourceTree = "<absolute>"; };
		2829A4BE0DBD0548007367D8 /* French */ = {isa = PBXFileReference; lastKnownFileType = text.rtf; name = French; path = French.lproj/Credits.rtf; sourceTree = "<group>"; };
		2829A4C70DBD0579007367D8 /* French */ = {isa = PBXFileReference; lastKnownFileType = text.plist.strings; name = French; path = French.lproj/Localizable.strings; sourceTree = "<group>"; };
		2829A4C80DBD057F007367D8 /* French */ = {isa = PBXFileReference; lastKnownFileType = text.plist.strings; name = French; path = French.lproj/InfoPlist.strings; sourceTree = "<group>"; };
		2829A4C90DBD0584007367D8 /* French */ = {isa = PBXFileReference; lastKnownFileType = wrapper.nib; name = French; path = French.lproj/MainMenu.nib; sourceTree = "<group>"; };
		284A5C9D11A59F9100EAC012 /* default.png */ = {isa = PBXFileReference; lastKnownFileType = image.png; name = default.png; path = Resources/default.png; sourceTree = "<group>"; };
		284A5CAC11A5A07500EAC012 /* BXApplication.h */ = {isa = PBXFileReference; fileEncoding = 4; lastKnownFileType = sourcecode.c.h; path = BXApplication.h; sourceTree = "<group>"; };
		284A5CAD11A5A07500EAC012 /* BXApplication.m */ = {isa = PBXFileReference; fileEncoding = 4; lastKnownFileType = sourcecode.c.objc; path = BXApplication.m; sourceTree = "<group>"; };
		285AC1F10CDF6C2C008AF706 /* InstallBootImage.m */ = {isa = PBXFileReference; fileEncoding = 4; lastKnownFileType = sourcecode.c.objc; path = InstallBootImage.m; sourceTree = "<group>"; };
		286CC41A0CDCD61F00ACA824 /* BXBootImageView.h */ = {isa = PBXFileReference; fileEncoding = 4; lastKnownFileType = sourcecode.c.h; path = BXBootImageView.h; sourceTree = "<group>"; };
		286CC41B0CDCD61F00ACA824 /* BXBootImageView.m */ = {isa = PBXFileReference; fileEncoding = 4; lastKnownFileType = sourcecode.c.objc; path = BXBootImageView.m; sourceTree = "<group>"; };
		2876ACF10DBD2EDE00731E2A /* Italian */ = {isa = PBXFileReference; lastKnownFileType = text.rtf; name = Italian; path = Italian.lproj/Credits.rtf; sourceTree = "<group>"; };
		2876ACFD0DBD2F7900731E2A /* Italian */ = {isa = PBXFileReference; lastKnownFileType = text.plist.strings; name = Italian; path = Italian.lproj/Localizable.strings; sourceTree = "<group>"; };
		2876ACFE0DBD2F7F00731E2A /* Italian */ = {isa = PBXFileReference; lastKnownFileType = text.plist.strings; name = Italian; path = Italian.lproj/InfoPlist.strings; sourceTree = "<group>"; };
		2876AD000DBD2F8C00731E2A /* Italian */ = {isa = PBXFileReference; lastKnownFileType = wrapper.nib; name = Italian; path = Italian.lproj/MainMenu.nib; sourceTree = "<group>"; };
		287D21FD0D0C6AAB00209716 /* Spanish */ = {isa = PBXFileReference; lastKnownFileType = wrapper.nib; name = Spanish; path = Spanish.lproj/MainMenu.nib; sourceTree = "<group>"; };
		2887227710C6A09300FD5672 /* Japanese */ = {isa = PBXFileReference; lastKnownFileType = text.plist.strings; name = Japanese; path = Japanese.lproj/Localizable.strings; sourceTree = "<group>"; };
		2887227810C6A0DE00FD5672 /* Japanese */ = {isa = PBXFileReference; lastKnownFileType = text.rtf; name = Japanese; path = Japanese.lproj/Credits.rtf; sourceTree = "<group>"; };
		2887227C10C6A54300FD5672 /* Japanese */ = {isa = PBXFileReference; lastKnownFileType = wrapper.nib; name = Japanese; path = Japanese.lproj/MainMenu.nib; sourceTree = "<group>"; };
		2896A4CF0D5FAB110011B68D /* Hungarian */ = {isa = PBXFileReference; lastKnownFileType = wrapper.nib; name = Hungarian; path = Hungarian.lproj/MainMenu.nib; sourceTree = "<group>"; };
		2896A4D00D5FAB290011B68D /* Hungarian */ = {isa = PBXFileReference; lastKnownFileType = text.plist.strings; name = Hungarian; path = Hungarian.lproj/Localizable.strings; sourceTree = "<group>"; };
		2896A4D10D5FAB300011B68D /* Hungarian */ = {isa = PBXFileReference; lastKnownFileType = text.plist.strings; name = Hungarian; path = Hungarian.lproj/InfoPlist.strings; sourceTree = "<group>"; };
		2896A4D20D5FAB350011B68D /* Hungarian */ = {isa = PBXFileReference; lastKnownFileType = text.rtf; name = Hungarian; path = Hungarian.lproj/Credits.rtf; sourceTree = "<group>"; };
		28B560320DEC0528002A561D /* zh_TW */ = {isa = PBXFileReference; lastKnownFileType = text.rtf; name = zh_TW; path = zh_TW.lproj/Credits.rtf; sourceTree = "<group>"; };
		28B560330DEC0528002A561D /* zh_TW */ = {isa = PBXFileReference; lastKnownFileType = text.plist.strings; name = zh_TW; path = zh_TW.lproj/InfoPlist.strings; sourceTree = "<group>"; };
		28B560340DEC0528002A561D /* zh_TW */ = {isa = PBXFileReference; lastKnownFileType = text.plist.strings; name = zh_TW; path = zh_TW.lproj/Localizable.strings; sourceTree = "<group>"; };
		28B560350DEC0528002A561D /* zh_TW */ = {isa = PBXFileReference; lastKnownFileType = wrapper.nib; name = zh_TW; path = zh_TW.lproj/MainMenu.nib; sourceTree = "<group>"; };
		28CCA57C0D65E3B800806D11 /* German */ = {isa = PBXFileReference; lastKnownFileType = text.rtf; name = German; path = German.lproj/Credits.rtf; sourceTree = "<group>"; };
		28CCA57E0D65E3C500806D11 /* German */ = {isa = PBXFileReference; lastKnownFileType = text.plist.strings; name = German; path = German.lproj/Localizable.strings; sourceTree = "<group>"; };
		28CCA5800D65E3CF00806D11 /* German */ = {isa = PBXFileReference; lastKnownFileType = text.plist.strings; name = German; path = German.lproj/InfoPlist.strings; sourceTree = "<group>"; };
		28CCA5810D65E3D800806D11 /* German */ = {isa = PBXFileReference; lastKnownFileType = wrapper.nib; name = German; path = German.lproj/MainMenu.nib; sourceTree = "<group>"; };
		28D089AC11A5DC3C001B092C /* InstallBootImage */ = {isa = PBXFileReference; explicitFileType = "compiled.mach-o.executable"; includeInIndex = 0; path = InstallBootImage; sourceTree = BUILT_PRODUCTS_DIR; };
		28D3C0F30CDE1C25003F3018 /* English */ = {isa = PBXFileReference; explicitFileType = text.plist.strings; fileEncoding = 4; name = English; path = English.lproj/Localizable.strings; sourceTree = "<group>"; };
		28DFB7A511A6044E00550AE1 /* en-GB */ = {isa = PBXFileReference; lastKnownFileType = wrapper.nib; name = "en-GB"; path = "en-GB.lproj/MainMenu.nib"; sourceTree = "<group>"; };
		28DFB7A911A6047E00550AE1 /* en-GB */ = {isa = PBXFileReference; lastKnownFileType = text.plist.strings; name = "en-GB"; path = "en-GB.lproj/InfoPlist.strings"; sourceTree = "<group>"; };
		28DFB7AB11A6048900550AE1 /* en-GB */ = {isa = PBXFileReference; lastKnownFileType = text.plist.strings; name = "en-GB"; path = "en-GB.lproj/Localizable.strings"; sourceTree = "<group>"; };
		28DFB7AC11A604C600550AE1 /* en-GB */ = {isa = PBXFileReference; lastKnownFileType = text.rtf; name = "en-GB"; path = "en-GB.lproj/Credits.rtf"; sourceTree = "<group>"; };
		28F7B44C0D619039005E2AEA /* Sparkle.framework */ = {isa = PBXFileReference; lastKnownFileType = wrapper.framework; path = Sparkle.framework; sourceTree = "<group>"; };
		28F9874A0DB619AD00B7F78F /* Russian */ = {isa = PBXFileReference; lastKnownFileType = text.plist.strings; name = Russian; path = Russian.lproj/InfoPlist.strings; sourceTree = "<group>"; };
		28F9874C0DB619E300B7F78F /* Russian */ = {isa = PBXFileReference; lastKnownFileType = text.plist.strings; name = Russian; path = Russian.lproj/Localizable.strings; sourceTree = "<group>"; };
		28F9874F0DB619F000B7F78F /* Russian */ = {isa = PBXFileReference; lastKnownFileType = text.rtf; name = Russian; path = Russian.lproj/Credits.rtf; sourceTree = "<group>"; };
		28F987540DB61A1000B7F78F /* Russian */ = {isa = PBXFileReference; lastKnownFileType = wrapper.nib; name = Russian; path = Russian.lproj/MainMenu.nib; sourceTree = "<group>"; };
		29B97316FDCFA39411CA2CEA /* main.m */ = {isa = PBXFileReference; fileEncoding = 4; lastKnownFileType = sourcecode.c.objc; path = main.m; sourceTree = "<group>"; };
		29B97319FDCFA39411CA2CEA /* English */ = {isa = PBXFileReference; lastKnownFileType = wrapper.nib; name = English; path = English.lproj/MainMenu.nib; sourceTree = "<group>"; };
		29B97324FDCFA39411CA2CEA /* AppKit.framework */ = {isa = PBXFileReference; lastKnownFileType = wrapper.framework; name = AppKit.framework; path = /System/Library/Frameworks/AppKit.framework; sourceTree = "<absolute>"; };
		29B97325FDCFA39411CA2CEA /* Foundation.framework */ = {isa = PBXFileReference; lastKnownFileType = wrapper.framework; name = Foundation.framework; path = /System/Library/Frameworks/Foundation.framework; sourceTree = "<absolute>"; };
		32CA4F630368D1EE00C91783 /* Dark Boot_Prefix.pch */ = {isa = PBXFileReference; fileEncoding = 4; lastKnownFileType = sourcecode.c.h; path = "Dark Boot_Prefix.pch"; sourceTree = "<group>"; };
		8D1107310486CEB800E47090 /* Info.plist */ = {isa = PBXFileReference; fileEncoding = 4; lastKnownFileType = text.plist.xml; path = Info.plist; sourceTree = "<group>"; };
		8D1107320486CEB800E47090 /* Dark Boot.app */ = {isa = PBXFileReference; explicitFileType = wrapper.application; includeInIndex = 0; path = "Dark Boot.app"; sourceTree = BUILT_PRODUCTS_DIR; };
		FB5464E01CB9A8D900508447 /* com.dabrain13.darkboot.plist */ = {isa = PBXFileReference; fileEncoding = 4; lastKnownFileType = text.plist.xml; path = com.dabrain13.darkboot.plist; sourceTree = "<group>"; };
		FBBE84A81CC30FB0001C0E8F /* Dark Boot.icns */ = {isa = PBXFileReference; lastKnownFileType = image.icns; path = "Dark Boot.icns"; sourceTree = "<group>"; };
		FBBE84AA1CC31AF7001C0E8F /* updates */ = {isa = PBXFileReference; lastKnownFileType = folder; path = updates; sourceTree = "<group>"; };
		FBF3F2F61CCBC5CB00B1B8CA /* dsa_pub.pem */ = {isa = PBXFileReference; fileEncoding = 4; lastKnownFileType = text; path = dsa_pub.pem; sourceTree = "<group>"; };
/* End PBXFileReference section */

/* Begin PBXFrameworksBuildPhase section */
		28D089AA11A5DC3C001B092C /* Frameworks */ = {
			isa = PBXFrameworksBuildPhase;
			buildActionMask = 2147483647;
			files = (
			);
			runOnlyForDeploymentPostprocessing = 0;
		};
		8D11072E0486CEB800E47090 /* Frameworks */ = {
			isa = PBXFrameworksBuildPhase;
			buildActionMask = 2147483647;
			files = (
				8D11072F0486CEB800E47090 /* Cocoa.framework in Frameworks */,
				28210AEB0CDF548500FAD3CF /* Security.framework in Frameworks */,
				28F7B44D0D619039005E2AEA /* Sparkle.framework in Frameworks */,
			);
			runOnlyForDeploymentPostprocessing = 0;
		};
/* End PBXFrameworksBuildPhase section */

/* Begin PBXGroup section */
		080E96DDFE201D6D7F000001 /* Classes */ = {
			isa = PBXGroup;
			children = (
				286CC41A0CDCD61F00ACA824 /* BXBootImageView.h */,
				286CC41B0CDCD61F00ACA824 /* BXBootImageView.m */,
				284A5CAC11A5A07500EAC012 /* BXApplication.h */,
				284A5CAD11A5A07500EAC012 /* BXApplication.m */,
			);
			name = Classes;
			sourceTree = "<group>";
		};
		1058C7A0FEA54F0111CA2CBB /* Linked Frameworks */ = {
			isa = PBXGroup;
			children = (
				28F7B44C0D619039005E2AEA /* Sparkle.framework */,
				28210AEA0CDF548500FAD3CF /* Security.framework */,
				1058C7A1FEA54F0111CA2CBB /* Cocoa.framework */,
			);
			name = "Linked Frameworks";
			sourceTree = "<group>";
		};
		1058C7A2FEA54F0111CA2CBB /* Other Frameworks */ = {
			isa = PBXGroup;
			children = (
				29B97324FDCFA39411CA2CEA /* AppKit.framework */,
				13E42FB307B3F0F600E4EEF1 /* CoreData.framework */,
				29B97325FDCFA39411CA2CEA /* Foundation.framework */,
			);
			name = "Other Frameworks";
			sourceTree = "<group>";
		};
		19C28FACFE9D520D11CA2CBB /* Products */ = {
			isa = PBXGroup;
			children = (
				8D1107320486CEB800E47090 /* Dark Boot.app */,
				28D089AC11A5DC3C001B092C /* InstallBootImage */,
			);
			name = Products;
			sourceTree = "<group>";
		};
		29B97314FDCFA39411CA2CEA /* BootXChanger */ = {
			isa = PBXGroup;
			children = (
				080E96DDFE201D6D7F000001 /* Classes */,
				29B97315FDCFA39411CA2CEA /* Other Sources */,
				29B97317FDCFA39411CA2CEA /* Resources */,
				29B97323FDCFA39411CA2CEA /* Frameworks */,
				19C28FACFE9D520D11CA2CBB /* Products */,
			);
			name = BootXChanger;
			sourceTree = "<group>";
		};
		29B97315FDCFA39411CA2CEA /* Other Sources */ = {
			isa = PBXGroup;
			children = (
				285AC1F10CDF6C2C008AF706 /* InstallBootImage.m */,
				32CA4F630368D1EE00C91783 /* Dark Boot_Prefix.pch */,
				29B97316FDCFA39411CA2CEA /* main.m */,
			);
			name = "Other Sources";
			sourceTree = "<group>";
		};
		29B97317FDCFA39411CA2CEA /* Resources */ = {
			isa = PBXGroup;
			children = (
				FBBE84AA1CC31AF7001C0E8F /* updates */,
				FB5464E01CB9A8D900508447 /* com.dabrain13.darkboot.plist */,
				FBF3F2F61CCBC5CB00B1B8CA /* dsa_pub.pem */,
				284A5C9D11A59F9100EAC012 /* default.png */,
				FBBE84A81CC30FB0001C0E8F /* Dark Boot.icns */,
				281A7D0B0D0C4FE700DD6E10 /* Credits.rtf */,
				8D1107310486CEB800E47090 /* Info.plist */,
				28D3C0F50CDE1C3A003F3018 /* Localizable.strings */,
				089C165CFE840E0CC02AAC07 /* InfoPlist.strings */,
				29B97318FDCFA39411CA2CEA /* MainMenu.nib */,
			);
			name = Resources;
			sourceTree = "<group>";
		};
		29B97323FDCFA39411CA2CEA /* Frameworks */ = {
			isa = PBXGroup;
			children = (
				1058C7A0FEA54F0111CA2CBB /* Linked Frameworks */,
				1058C7A2FEA54F0111CA2CBB /* Other Frameworks */,
			);
			name = Frameworks;
			sourceTree = "<group>";
		};
/* End PBXGroup section */

/* Begin PBXNativeTarget section */
		28D089AB11A5DC3C001B092C /* InstallBootImage */ = {
			isa = PBXNativeTarget;
			buildConfigurationList = 28D089B211A5DC6D001B092C /* Build configuration list for PBXNativeTarget "InstallBootImage" */;
			buildPhases = (
				28D089A911A5DC3C001B092C /* Sources */,
				28D089AA11A5DC3C001B092C /* Frameworks */,
			);
			buildRules = (
			);
			dependencies = (
			);
			name = InstallBootImage;
			productName = InstallBootImage;
			productReference = 28D089AC11A5DC3C001B092C /* InstallBootImage */;
			productType = "com.apple.product-type.tool";
		};
		8D1107260486CEB800E47090 /* Dark Boot */ = {
			isa = PBXNativeTarget;
			buildConfigurationList = C01FCF4A08A954540054247B /* Build configuration list for PBXNativeTarget "Dark Boot" */;
			buildPhases = (
				8D1107290486CEB800E47090 /* Resources */,
				28D3C3A60CDE8A5F003F3018 /* CopyFiles */,
				28F7B4710D619077005E2AEA /* CopyFiles */,
				8D11072C0486CEB800E47090 /* Sources */,
				8D11072E0486CEB800E47090 /* Frameworks */,
			);
			buildRules = (
			);
			dependencies = (
				28D089B511A5DCB9001B092C /* PBXTargetDependency */,
			);
			name = "Dark Boot";
			productInstallPath = "$(HOME)/Applications";
			productName = BootXChanger;
			productReference = 8D1107320486CEB800E47090 /* Dark Boot.app */;
			productType = "com.apple.product-type.application";
		};
/* End PBXNativeTarget section */

/* Begin PBXProject section */
		29B97313FDCFA39411CA2CEA /* Project object */ = {
			isa = PBXProject;
			attributes = {
			};
			buildConfigurationList = C01FCF4E08A954540054247B /* Build configuration list for PBXProject "Dark Boot" */;
			compatibilityVersion = "Xcode 2.4";
			developmentRegion = English;
			hasScannedForEncodings = 1;
			knownRegions = (
				English,
				Japanese,
				French,
				German,
				Spanish,
				Hungarian,
				Russian,
				ru,
				Italian,
				zh_TW,
				Dutch,
				Swedish,
				"British English",
				"en-GB",
				zh_CN,
			);
			mainGroup = 29B97314FDCFA39411CA2CEA /* BootXChanger */;
			projectDirPath = "";
			projectRoot = "";
			targets = (
				8D1107260486CEB800E47090 /* Dark Boot */,
				28D089AB11A5DC3C001B092C /* InstallBootImage */,
			);
		};
/* End PBXProject section */

/* Begin PBXResourcesBuildPhase section */
		8D1107290486CEB800E47090 /* Resources */ = {
			isa = PBXResourcesBuildPhase;
			buildActionMask = 2147483647;
			files = (
				8D11072A0486CEB800E47090 /* MainMenu.nib in Resources */,
				FBBE84A91CC30FB0001C0E8F /* Dark Boot.icns in Resources */,
				8D11072B0486CEB800E47090 /* InfoPlist.strings in Resources */,
				28D3C0F60CDE1C3A003F3018 /* Localizable.strings in Resources */,
				FBF3F2F71CCBC5CB00B1B8CA /* dsa_pub.pem in Resources */,
				281A7D0D0D0C4FE700DD6E10 /* Credits.rtf in Resources */,
				FBBE84AB1CC31AF7001C0E8F /* updates in Resources */,
				FB5464E11CB9A8D900508447 /* com.dabrain13.darkboot.plist in Resources */,
				284A5C9E11A59F9100EAC012 /* default.png in Resources */,
			);
			runOnlyForDeploymentPostprocessing = 0;
		};
/* End PBXResourcesBuildPhase section */

/* Begin PBXSourcesBuildPhase section */
		28D089A911A5DC3C001B092C /* Sources */ = {
			isa = PBXSourcesBuildPhase;
			buildActionMask = 2147483647;
			files = (
				28D08A2411A5E54D001B092C /* InstallBootImage.m in Sources */,
			);
			runOnlyForDeploymentPostprocessing = 0;
		};
		8D11072C0486CEB800E47090 /* Sources */ = {
			isa = PBXSourcesBuildPhase;
			buildActionMask = 2147483647;
			files = (
				8D11072D0486CEB800E47090 /* main.m in Sources */,
				286CC41C0CDCD61F00ACA824 /* BXBootImageView.m in Sources */,
				284A5CAE11A5A07500EAC012 /* BXApplication.m in Sources */,
			);
			runOnlyForDeploymentPostprocessing = 0;
		};
/* End PBXSourcesBuildPhase section */

/* Begin PBXTargetDependency section */
		28D089B511A5DCB9001B092C /* PBXTargetDependency */ = {
			isa = PBXTargetDependency;
			target = 28D089AB11A5DC3C001B092C /* InstallBootImage */;
			targetProxy = 28D089B411A5DCB9001B092C /* PBXContainerItemProxy */;
		};
/* End PBXTargetDependency section */

/* Begin PBXVariantGroup section */
		089C165CFE840E0CC02AAC07 /* InfoPlist.strings */ = {
			isa = PBXVariantGroup;
			children = (
				089C165DFE840E0CC02AAC07 /* English */,
				281A7D070D0C4F4200DD6E10 /* Spanish */,
				2896A4D10D5FAB300011B68D /* Hungarian */,
				28CCA5800D65E3CF00806D11 /* German */,
				28F9874A0DB619AD00B7F78F /* Russian */,
				2829A4C80DBD057F007367D8 /* French */,
				2876ACFE0DBD2F7F00731E2A /* Italian */,
				28B560330DEC0528002A561D /* zh_TW */,
				280801B7102C36860077D2A6 /* Swedish */,
				280801CC102C3D750077D2A6 /* Dutch */,
				28DFB7A911A6047E00550AE1 /* en-GB */,
			);
			name = InfoPlist.strings;
			sourceTree = "<group>";
		};
		281A7D0B0D0C4FE700DD6E10 /* Credits.rtf */ = {
			isa = PBXVariantGroup;
			children = (
				281A7D0C0D0C4FE700DD6E10 /* English */,
				281A7D100D0C519300DD6E10 /* Spanish */,
				2896A4D20D5FAB350011B68D /* Hungarian */,
				28CCA57C0D65E3B800806D11 /* German */,
				28F9874F0DB619F000B7F78F /* Russian */,
				2829A4BE0DBD0548007367D8 /* French */,
				2876ACF10DBD2EDE00731E2A /* Italian */,
				28B560320DEC0528002A561D /* zh_TW */,
				280801B9102C36910077D2A6 /* Swedish */,
				280801CA102C3D6C0077D2A6 /* Dutch */,
				2887227810C6A0DE00FD5672 /* Japanese */,
				28DFB7AC11A604C600550AE1 /* en-GB */,
			);
			name = Credits.rtf;
			sourceTree = "<group>";
		};
		28D3C0F50CDE1C3A003F3018 /* Localizable.strings */ = {
			isa = PBXVariantGroup;
			children = (
				28D3C0F30CDE1C25003F3018 /* English */,
				281A7D090D0C4F4C00DD6E10 /* Spanish */,
				2896A4D00D5FAB290011B68D /* Hungarian */,
				28CCA57E0D65E3C500806D11 /* German */,
				28F9874C0DB619E300B7F78F /* Russian */,
				2829A4C70DBD0579007367D8 /* French */,
				2876ACFD0DBD2F7900731E2A /* Italian */,
				28B560340DEC0528002A561D /* zh_TW */,
				280801B8102C368C0077D2A6 /* Swedish */,
				280801CB102C3D700077D2A6 /* Dutch */,
				2887227710C6A09300FD5672 /* Japanese */,
				28DFB7AB11A6048900550AE1 /* en-GB */,
			);
			name = Localizable.strings;
			sourceTree = "<group>";
		};
		29B97318FDCFA39411CA2CEA /* MainMenu.nib */ = {
			isa = PBXVariantGroup;
			children = (
				29B97319FDCFA39411CA2CEA /* English */,
				287D21FD0D0C6AAB00209716 /* Spanish */,
				2896A4CF0D5FAB110011B68D /* Hungarian */,
				28CCA5810D65E3D800806D11 /* German */,
				28F987540DB61A1000B7F78F /* Russian */,
				2829A4C90DBD0584007367D8 /* French */,
				2876AD000DBD2F8C00731E2A /* Italian */,
				28B560350DEC0528002A561D /* zh_TW */,
				280801B6102C367B0077D2A6 /* Swedish */,
				280801CD102C3D790077D2A6 /* Dutch */,
				2887227C10C6A54300FD5672 /* Japanese */,
				28DFB7A511A6044E00550AE1 /* en-GB */,
			);
			name = MainMenu.nib;
			sourceTree = "<group>";
		};
/* End PBXVariantGroup section */

/* Begin XCBuildConfiguration section */
		28D089AE11A5DC3D001B092C /* Debug */ = {
			isa = XCBuildConfiguration;
			buildSettings = {
				ALWAYS_SEARCH_USER_PATHS = NO;
				COPY_PHASE_STRIP = NO;
				GCC_DYNAMIC_NO_PIC = NO;
				GCC_ENABLE_FIX_AND_CONTINUE = YES;
				GCC_MODEL_TUNING = G5;
				GCC_OPTIMIZATION_LEVEL = 0;
				GCC_PRECOMPILE_PREFIX_HEADER = YES;
				GCC_PREFIX_HEADER = "$(SYSTEM_LIBRARY_DIR)/Frameworks/AppKit.framework/Headers/AppKit.h";
				GCC_VERSION = "";
				INSTALL_PATH = /usr/local/bin;
				OTHER_LDFLAGS = (
					"-framework",
					Foundation,
					"-framework",
					AppKit,
				);
				PREBINDING = NO;
				PRODUCT_NAME = InstallBootImage;
				SDKROOT = macosx;
			};
			name = Debug;
		};
		28D089AF11A5DC3D001B092C /* Release */ = {
			isa = XCBuildConfiguration;
			buildSettings = {
				ALWAYS_SEARCH_USER_PATHS = NO;
				COPY_PHASE_STRIP = YES;
				DEBUG_INFORMATION_FORMAT = "dwarf-with-dsym";
				GCC_ENABLE_FIX_AND_CONTINUE = NO;
				GCC_MODEL_TUNING = G5;
				GCC_PRECOMPILE_PREFIX_HEADER = YES;
				GCC_PREFIX_HEADER = "$(SYSTEM_LIBRARY_DIR)/Frameworks/AppKit.framework/Headers/AppKit.h";
				GCC_VERSION = "";
				INSTALL_PATH = /usr/local/bin;
				OTHER_LDFLAGS = (
					"-framework",
					Foundation,
					"-framework",
					AppKit,
				);
				PREBINDING = NO;
				PRODUCT_NAME = InstallBootImage;
				SDKROOT = macosx;
				ZERO_LINK = NO;
			};
			name = Release;
		};
		C01FCF4B08A954540054247B /* Debug */ = {
			isa = XCBuildConfiguration;
			buildSettings = {
				COPY_PHASE_STRIP = NO;
				FRAMEWORK_SEARCH_PATHS = (
					"$(inherited)",
					"$(FRAMEWORK_SEARCH_PATHS_QUOTED_1)",
				);
				FRAMEWORK_SEARCH_PATHS_QUOTED_1 = "\"$(SRCROOT)\"";
				GCC_DYNAMIC_NO_PIC = NO;
				GCC_ENABLE_FIX_AND_CONTINUE = YES;
				GCC_MODEL_TUNING = G5;
				GCC_OPTIMIZATION_LEVEL = 0;
				GCC_PRECOMPILE_PREFIX_HEADER = YES;
				GCC_PREFIX_HEADER = "Dark Boot_Prefix.pch";
				GCC_VERSION = "";
				INFOPLIST_FILE = Info.plist;
				INSTALL_PATH = "$(HOME)/Applications";
				LD_RUNPATH_SEARCH_PATHS = "@executable_path/../Frameworks";
				PRODUCT_BUNDLE_IDENTIFIER = org.w0lf.DarkBoot;
				PRODUCT_NAME = "Dark Boot";
				SDKROOT = macosx;
				WRAPPER_EXTENSION = app;
				ZERO_LINK = YES;
			};
			name = Debug;
		};
		C01FCF4C08A954540054247B /* Release */ = {
			isa = XCBuildConfiguration;
			buildSettings = {
				DEBUG_INFORMATION_FORMAT = "dwarf-with-dsym";
				FRAMEWORK_SEARCH_PATHS = (
					"$(inherited)",
					"$(FRAMEWORK_SEARCH_PATHS_QUOTED_FOR_TARGET_1)",
				);
				FRAMEWORK_SEARCH_PATHS_QUOTED_FOR_TARGET_1 = "\"$(SRCROOT)\"";
				GCC_CHAR_IS_UNSIGNED_CHAR = YES;
				GCC_MODEL_TUNING = G5;
				GCC_OPTIMIZATION_LEVEL = 0;
				GCC_PRECOMPILE_PREFIX_HEADER = YES;
				GCC_PREFIX_HEADER = "Dark Boot_Prefix.pch";
				GCC_VERSION = "";
				INFOPLIST_FILE = Info.plist;
				INSTALL_PATH = "$(HOME)/Applications";
				LD_RUNPATH_SEARCH_PATHS = "@executable_path/../Frameworks";
				PRODUCT_BUNDLE_IDENTIFIER = org.w0lf.DarkBoot;
				PRODUCT_NAME = "Dark Boot";
				SDKROOT = macosx;
				WRAPPER_EXTENSION = app;
			};
			name = Release;
		};
		C01FCF4F08A954540054247B /* Debug */ = {
			isa = XCBuildConfiguration;
			buildSettings = {
				GCC_VERSION = 4.0;
				GCC_WARN_ABOUT_RETURN_TYPE = YES;
				GCC_WARN_UNUSED_VARIABLE = YES;
				PREBINDING = NO;
				SDKROOT = /Developer/SDKs/MacOSX10.4u.sdk;
			};
			name = Debug;
		};
		C01FCF5008A954540054247B /* Release */ = {
			isa = XCBuildConfiguration;
			buildSettings = {
				ARCHS = "$(ARCHS_STANDARD_32_BIT)";
				GCC_ENABLE_OBJC_GC = NO;
				GCC_VERSION = 4.0;
				GCC_WARN_ABOUT_RETURN_TYPE = YES;
				GCC_WARN_UNUSED_VARIABLE = YES;
				PREBINDING = NO;
				SDKROOT = /Developer/SDKs/MacOSX10.4u.sdk;
				VALID_ARCHS = "i386 x86_64";
			};
			name = Release;
		};
/* End XCBuildConfiguration section */

/* Begin XCConfigurationList section */
		28D089B211A5DC6D001B092C /* Build configuration list for PBXNativeTarget "InstallBootImage" */ = {
			isa = XCConfigurationList;
			buildConfigurations = (
				28D089AE11A5DC3D001B092C /* Debug */,
				28D089AF11A5DC3D001B092C /* Release */,
			);
			defaultConfigurationIsVisible = 0;
			defaultConfigurationName = Release;
		};
		C01FCF4A08A954540054247B /* Build configuration list for PBXNativeTarget "Dark Boot" */ = {
			isa = XCConfigurationList;
			buildConfigurations = (
				C01FCF4B08A954540054247B /* Debug */,
				C01FCF4C08A954540054247B /* Release */,
			);
			defaultConfigurationIsVisible = 0;
			defaultConfigurationName = Release;
		};
		C01FCF4E08A954540054247B /* Build configuration list for PBXProject "Dark Boot" */ = {
			isa = XCConfigurationList;
			buildConfigurations = (
				C01FCF4F08A954540054247B /* Debug */,
				C01FCF5008A954540054247B /* Release */,
			);
			defaultConfigurationIsVisible = 0;
			defaultConfigurationName = Release;
		};
/* End XCConfigurationList section */
	};
	rootObject = 29B97313FDCFA39411CA2CEA /* Project object */;
}
